// !$*UTF8*$!
{
	archiveVersion = 1;
	classes = {
	};
	objectVersion = 56;
	objects = {

/* Begin PBXBuildFile section */
		8BE0B1B329F4F10300DACC0F /* AppDelegate.swift in Sources */ = {isa = PBXBuildFile; fileRef = 8BE0B1B229F4F10300DACC0F /* AppDelegate.swift */; };
		8BE0B1B529F4F10300DACC0F /* SceneDelegate.swift in Sources */ = {isa = PBXBuildFile; fileRef = 8BE0B1B429F4F10300DACC0F /* SceneDelegate.swift */; };
		8BE0B1B729F4F10300DACC0F /* ViewController.swift in Sources */ = {isa = PBXBuildFile; fileRef = 8BE0B1B629F4F10300DACC0F /* ViewController.swift */; };
		8BE0B1BC29F4F10400DACC0F /* Assets.xcassets in Resources */ = {isa = PBXBuildFile; fileRef = 8BE0B1BB29F4F10400DACC0F /* Assets.xcassets */; };
		8BE0B1BF29F4F10400DACC0F /* LaunchScreen.storyboard in Resources */ = {isa = PBXBuildFile; fileRef = 8BE0B1BD29F4F10400DACC0F /* LaunchScreen.storyboard */; };
		8BE0B1C829F4F49400DACC0F /* TitleTableCell.swift in Sources */ = {isa = PBXBuildFile; fileRef = 8BE0B1C629F4F49400DACC0F /* TitleTableCell.swift */; };
		8BE0B1C929F4F49400DACC0F /* TitleTableCell.xib in Resources */ = {isa = PBXBuildFile; fileRef = 8BE0B1C729F4F49400DACC0F /* TitleTableCell.xib */; };
		8BE0B1CD29F57E4A00DACC0F /* TitleCellModel.swift in Sources */ = {isa = PBXBuildFile; fileRef = 8BE0B1CC29F57E4A00DACC0F /* TitleCellModel.swift */; };
		8BE0B1D029F57ECB00DACC0F /* TitleViewModel.swift in Sources */ = {isa = PBXBuildFile; fileRef = 8BE0B1CF29F57ECB00DACC0F /* TitleViewModel.swift */; };
		8BE0B1D329F624D400DACC0F /* TitleUseCase.swift in Sources */ = {isa = PBXBuildFile; fileRef = 8BE0B1D229F624D400DACC0F /* TitleUseCase.swift */; };
		8BE0B1D529F681A500DACC0F /* ViewController.storyboard in Resources */ = {isa = PBXBuildFile; fileRef = 8BE0B1D429F681A500DACC0F /* ViewController.storyboard */; };
		8BE0B1D829F68B7100DACC0F /* TitleSharedViewModel.swift in Sources */ = {isa = PBXBuildFile; fileRef = 8BE0B1D729F68B7100DACC0F /* TitleSharedViewModel.swift */; };
		8BE0B1DA29F68BCE00DACC0F /* SharedUseCase.swift in Sources */ = {isa = PBXBuildFile; fileRef = 8BE0B1D929F68BCE00DACC0F /* SharedUseCase.swift */; };
		8BE0B1DD29F68E2900DACC0F /* IconTableCell.swift in Sources */ = {isa = PBXBuildFile; fileRef = 8BE0B1DB29F68E2900DACC0F /* IconTableCell.swift */; };
		8BE0B1DE29F68E2900DACC0F /* IconTableCell.xib in Resources */ = {isa = PBXBuildFile; fileRef = 8BE0B1DC29F68E2900DACC0F /* IconTableCell.xib */; };
/* End PBXBuildFile section */

/* Begin PBXFileReference section */
		8BE0B1AF29F4F10300DACC0F /* LearningSharedViewModel.app */ = {isa = PBXFileReference; explicitFileType = wrapper.application; includeInIndex = 0; path = LearningSharedViewModel.app; sourceTree = BUILT_PRODUCTS_DIR; };
		8BE0B1B229F4F10300DACC0F /* AppDelegate.swift */ = {isa = PBXFileReference; lastKnownFileType = sourcecode.swift; path = AppDelegate.swift; sourceTree = "<group>"; };
		8BE0B1B429F4F10300DACC0F /* SceneDelegate.swift */ = {isa = PBXFileReference; lastKnownFileType = sourcecode.swift; path = SceneDelegate.swift; sourceTree = "<group>"; };
		8BE0B1B629F4F10300DACC0F /* ViewController.swift */ = {isa = PBXFileReference; lastKnownFileType = sourcecode.swift; path = ViewController.swift; sourceTree = "<group>"; };
		8BE0B1BB29F4F10400DACC0F /* Assets.xcassets */ = {isa = PBXFileReference; lastKnownFileType = folder.assetcatalog; path = Assets.xcassets; sourceTree = "<group>"; };
		8BE0B1BE29F4F10400DACC0F /* Base */ = {isa = PBXFileReference; lastKnownFileType = file.storyboard; name = Base; path = Base.lproj/LaunchScreen.storyboard; sourceTree = "<group>"; };
		8BE0B1C029F4F10400DACC0F /* Info.plist */ = {isa = PBXFileReference; lastKnownFileType = text.plist.xml; path = Info.plist; sourceTree = "<group>"; };
		8BE0B1C629F4F49400DACC0F /* TitleTableCell.swift */ = {isa = PBXFileReference; lastKnownFileType = sourcecode.swift; path = TitleTableCell.swift; sourceTree = "<group>"; };
		8BE0B1C729F4F49400DACC0F /* TitleTableCell.xib */ = {isa = PBXFileReference; lastKnownFileType = file.xib; path = TitleTableCell.xib; sourceTree = "<group>"; };
		8BE0B1CC29F57E4A00DACC0F /* TitleCellModel.swift */ = {isa = PBXFileReference; lastKnownFileType = sourcecode.swift; path = TitleCellModel.swift; sourceTree = "<group>"; };
		8BE0B1CF29F57ECB00DACC0F /* TitleViewModel.swift */ = {isa = PBXFileReference; lastKnownFileType = sourcecode.swift; path = TitleViewModel.swift; sourceTree = "<group>"; };
		8BE0B1D229F624D400DACC0F /* TitleUseCase.swift */ = {isa = PBXFileReference; lastKnownFileType = sourcecode.swift; path = TitleUseCase.swift; sourceTree = "<group>"; };
		8BE0B1D429F681A500DACC0F /* ViewController.storyboard */ = {isa = PBXFileReference; lastKnownFileType = file.storyboard; path = ViewController.storyboard; sourceTree = "<group>"; };
		8BE0B1D729F68B7100DACC0F /* TitleSharedViewModel.swift */ = {isa = PBXFileReference; lastKnownFileType = sourcecode.swift; path = TitleSharedViewModel.swift; sourceTree = "<group>"; };
		8BE0B1D929F68BCE00DACC0F /* SharedUseCase.swift */ = {isa = PBXFileReference; lastKnownFileType = sourcecode.swift; path = SharedUseCase.swift; sourceTree = "<group>"; };
		8BE0B1DB29F68E2900DACC0F /* IconTableCell.swift */ = {isa = PBXFileReference; lastKnownFileType = sourcecode.swift; path = IconTableCell.swift; sourceTree = "<group>"; };
		8BE0B1DC29F68E2900DACC0F /* IconTableCell.xib */ = {isa = PBXFileReference; lastKnownFileType = file.xib; path = IconTableCell.xib; sourceTree = "<group>"; };
/* End PBXFileReference section */

/* Begin PBXFrameworksBuildPhase section */
		8BE0B1AC29F4F10300DACC0F /* Frameworks */ = {
			isa = PBXFrameworksBuildPhase;
			buildActionMask = 2147483647;
			files = (
			);
			runOnlyForDeploymentPostprocessing = 0;
		};
/* End PBXFrameworksBuildPhase section */

/* Begin PBXGroup section */
		8BE0B1A629F4F10200DACC0F = {
			isa = PBXGroup;
			children = (
				8BE0B1B129F4F10300DACC0F /* LearningSharedViewModel */,
				8BE0B1B029F4F10300DACC0F /* Products */,
			);
			sourceTree = "<group>";
		};
		8BE0B1B029F4F10300DACC0F /* Products */ = {
			isa = PBXGroup;
			children = (
				8BE0B1AF29F4F10300DACC0F /* LearningSharedViewModel.app */,
			);
			name = Products;
			sourceTree = "<group>";
		};
		8BE0B1B129F4F10300DACC0F /* LearningSharedViewModel */ = {
			isa = PBXGroup;
			children = (
				8BE0B1D129F624AA00DACC0F /* UseCase */,
				8BE0B1CE29F57EB600DACC0F /* ViewModel */,
				8BE0B1CB29F57E3900DACC0F /* Model */,
				8BE0B1CA29F4F49700DACC0F /* Cell */,
				8BE0B1B229F4F10300DACC0F /* AppDelegate.swift */,
				8BE0B1B429F4F10300DACC0F /* SceneDelegate.swift */,
				8BE0B1B629F4F10300DACC0F /* ViewController.swift */,
				8BE0B1D429F681A500DACC0F /* ViewController.storyboard */,
				8BE0B1BB29F4F10400DACC0F /* Assets.xcassets */,
				8BE0B1BD29F4F10400DACC0F /* LaunchScreen.storyboard */,
				8BE0B1C029F4F10400DACC0F /* Info.plist */,
			);
			path = LearningSharedViewModel;
			sourceTree = "<group>";
		};
		8BE0B1CA29F4F49700DACC0F /* Cell */ = {
			isa = PBXGroup;
			children = (
				8BE0B1C629F4F49400DACC0F /* TitleTableCell.swift */,
				8BE0B1C729F4F49400DACC0F /* TitleTableCell.xib */,
				8BE0B1DB29F68E2900DACC0F /* IconTableCell.swift */,
				8BE0B1DC29F68E2900DACC0F /* IconTableCell.xib */,
			);
			path = Cell;
			sourceTree = "<group>";
		};
		8BE0B1CB29F57E3900DACC0F /* Model */ = {
			isa = PBXGroup;
			children = (
				8BE0B1CC29F57E4A00DACC0F /* TitleCellModel.swift */,
			);
			path = Model;
			sourceTree = "<group>";
		};
		8BE0B1CE29F57EB600DACC0F /* ViewModel */ = {
			isa = PBXGroup;
			children = (
				8BE0B1CF29F57ECB00DACC0F /* TitleViewModel.swift */,
				8BE0B1D729F68B7100DACC0F /* TitleSharedViewModel.swift */,
			);
			path = ViewModel;
			sourceTree = "<group>";
		};
		8BE0B1D129F624AA00DACC0F /* UseCase */ = {
			isa = PBXGroup;
			children = (
				8BE0B1D229F624D400DACC0F /* TitleUseCase.swift */,
				8BE0B1D929F68BCE00DACC0F /* SharedUseCase.swift */,
			);
			path = UseCase;
			sourceTree = "<group>";
		};
/* End PBXGroup section */

/* Begin PBXNativeTarget section */
		8BE0B1AE29F4F10300DACC0F /* LearningSharedViewModel */ = {
			isa = PBXNativeTarget;
			buildConfigurationList = 8BE0B1C329F4F10400DACC0F /* Build configuration list for PBXNativeTarget "LearningSharedViewModel" */;
			buildPhases = (
				8BE0B1AB29F4F10300DACC0F /* Sources */,
				8BE0B1AC29F4F10300DACC0F /* Frameworks */,
				8BE0B1AD29F4F10300DACC0F /* Resources */,
			);
			buildRules = (
			);
			dependencies = (
			);
			name = LearningSharedViewModel;
			productName = LearningSharedViewModel;
			productReference = 8BE0B1AF29F4F10300DACC0F /* LearningSharedViewModel.app */;
			productType = "com.apple.product-type.application";
		};
/* End PBXNativeTarget section */

/* Begin PBXProject section */
		8BE0B1A729F4F10200DACC0F /* Project object */ = {
			isa = PBXProject;
			attributes = {
				BuildIndependentTargetsInParallel = 1;
				LastSwiftUpdateCheck = 1430;
				LastUpgradeCheck = 1430;
				TargetAttributes = {
					8BE0B1AE29F4F10300DACC0F = {
						CreatedOnToolsVersion = 14.3;
					};
				};
			};
			buildConfigurationList = 8BE0B1AA29F4F10200DACC0F /* Build configuration list for PBXProject "LearningSharedViewModel" */;
			compatibilityVersion = "Xcode 14.0";
			developmentRegion = en;
			hasScannedForEncodings = 0;
			knownRegions = (
				en,
				Base,
			);
			mainGroup = 8BE0B1A629F4F10200DACC0F;
			productRefGroup = 8BE0B1B029F4F10300DACC0F /* Products */;
			projectDirPath = "";
			projectRoot = "";
			targets = (
				8BE0B1AE29F4F10300DACC0F /* LearningSharedViewModel */,
			);
		};
/* End PBXProject section */

/* Begin PBXResourcesBuildPhase section */
		8BE0B1AD29F4F10300DACC0F /* Resources */ = {
			isa = PBXResourcesBuildPhase;
			buildActionMask = 2147483647;
			files = (
				8BE0B1D529F681A500DACC0F /* ViewController.storyboard in Resources */,
				8BE0B1BF29F4F10400DACC0F /* LaunchScreen.storyboard in Resources */,
				8BE0B1C929F4F49400DACC0F /* TitleTableCell.xib in Resources */,
				8BE0B1DE29F68E2900DACC0F /* IconTableCell.xib in Resources */,
				8BE0B1BC29F4F10400DACC0F /* Assets.xcassets in Resources */,
			);
			runOnlyForDeploymentPostprocessing = 0;
		};
/* End PBXResourcesBuildPhase section */

/* Begin PBXSourcesBuildPhase section */
		8BE0B1AB29F4F10300DACC0F /* Sources */ = {
			isa = PBXSourcesBuildPhase;
			buildActionMask = 2147483647;
			files = (
				8BE0B1D329F624D400DACC0F /* TitleUseCase.swift in Sources */,
				8BE0B1DD29F68E2900DACC0F /* IconTableCell.swift in Sources */,
				8BE0B1CD29F57E4A00DACC0F /* TitleCellModel.swift in Sources */,
				8BE0B1DA29F68BCE00DACC0F /* SharedUseCase.swift in Sources */,
				8BE0B1B729F4F10300DACC0F /* ViewController.swift in Sources */,
				8BE0B1D829F68B7100DACC0F /* TitleSharedViewModel.swift in Sources */,
				8BE0B1C829F4F49400DACC0F /* TitleTableCell.swift in Sources */,
				8BE0B1B329F4F10300DACC0F /* AppDelegate.swift in Sources */,
				8BE0B1B529F4F10300DACC0F /* SceneDelegate.swift in Sources */,
				8BE0B1D029F57ECB00DACC0F /* TitleViewModel.swift in Sources */,
			);
			runOnlyForDeploymentPostprocessing = 0;
		};
/* End PBXSourcesBuildPhase section */

/* Begin PBXVariantGroup section */
		8BE0B1BD29F4F10400DACC0F /* LaunchScreen.storyboard */ = {
			isa = PBXVariantGroup;
			children = (
				8BE0B1BE29F4F10400DACC0F /* Base */,
			);
			name = LaunchScreen.storyboard;
			sourceTree = "<group>";
		};
/* End PBXVariantGroup section */

/* Begin XCBuildConfiguration section */
		8BE0B1C129F4F10400DACC0F /* Debug */ = {
			isa = XCBuildConfiguration;
			buildSettings = {
				ALWAYS_SEARCH_USER_PATHS = NO;
				CLANG_ANALYZER_NONNULL = YES;
				CLANG_ANALYZER_NUMBER_OBJECT_CONVERSION = YES_AGGRESSIVE;
				CLANG_CXX_LANGUAGE_STANDARD = "gnu++20";
				CLANG_ENABLE_MODULES = YES;
				CLANG_ENABLE_OBJC_ARC = YES;
				CLANG_ENABLE_OBJC_WEAK = YES;
				CLANG_WARN_BLOCK_CAPTURE_AUTORELEASING = YES;
				CLANG_WARN_BOOL_CONVERSION = YES;
				CLANG_WARN_COMMA = YES;
				CLANG_WARN_CONSTANT_CONVERSION = YES;
				CLANG_WARN_DEPRECATED_OBJC_IMPLEMENTATIONS = YES;
				CLANG_WARN_DIRECT_OBJC_ISA_USAGE = YES_ERROR;
				CLANG_WARN_DOCUMENTATION_COMMENTS = YES;
				CLANG_WARN_EMPTY_BODY = YES;
				CLANG_WARN_ENUM_CONVERSION = YES;
				CLANG_WARN_INFINITE_RECURSION = YES;
				CLANG_WARN_INT_CONVERSION = YES;
				CLANG_WARN_NON_LITERAL_NULL_CONVERSION = YES;
				CLANG_WARN_OBJC_IMPLICIT_RETAIN_SELF = YES;
				CLANG_WARN_OBJC_LITERAL_CONVERSION = YES;
				CLANG_WARN_OBJC_ROOT_CLASS = YES_ERROR;
				CLANG_WARN_QUOTED_INCLUDE_IN_FRAMEWORK_HEADER = YES;
				CLANG_WARN_RANGE_LOOP_ANALYSIS = YES;
				CLANG_WARN_STRICT_PROTOTYPES = YES;
				CLANG_WARN_SUSPICIOUS_MOVE = YES;
				CLANG_WARN_UNGUARDED_AVAILABILITY = YES_AGGRESSIVE;
				CLANG_WARN_UNREACHABLE_CODE = YES;
				CLANG_WARN__DUPLICATE_METHOD_MATCH = YES;
				COPY_PHASE_STRIP = NO;
				DEBUG_INFORMATION_FORMAT = dwarf;
				ENABLE_STRICT_OBJC_MSGSEND = YES;
				ENABLE_TESTABILITY = YES;
				GCC_C_LANGUAGE_STANDARD = gnu11;
				GCC_DYNAMIC_NO_PIC = NO;
				GCC_NO_COMMON_BLOCKS = YES;
				GCC_OPTIMIZATION_LEVEL = 0;
				GCC_PREPROCESSOR_DEFINITIONS = (
					"DEBUG=1",
					"$(inherited)",
				);
				GCC_WARN_64_TO_32_BIT_CONVERSION = YES;
				GCC_WARN_ABOUT_RETURN_TYPE = YES_ERROR;
				GCC_WARN_UNDECLARED_SELECTOR = YES;
				GCC_WARN_UNINITIALIZED_AUTOS = YES_AGGRESSIVE;
				GCC_WARN_UNUSED_FUNCTION = YES;
				GCC_WARN_UNUSED_VARIABLE = YES;
				IPHONEOS_DEPLOYMENT_TARGET = 16.4;
				MTL_ENABLE_DEBUG_INFO = INCLUDE_SOURCE;
				MTL_FAST_MATH = YES;
				ONLY_ACTIVE_ARCH = YES;
				SDKROOT = iphoneos;
				SWIFT_ACTIVE_COMPILATION_CONDITIONS = DEBUG;
				SWIFT_OPTIMIZATION_LEVEL = "-Onone";
			};
			name = Debug;
		};
		8BE0B1C229F4F10400DACC0F /* Release */ = {
			isa = XCBuildConfiguration;
			buildSettings = {
				ALWAYS_SEARCH_USER_PATHS = NO;
				CLANG_ANALYZER_NONNULL = YES;
				CLANG_ANALYZER_NUMBER_OBJECT_CONVERSION = YES_AGGRESSIVE;
				CLANG_CXX_LANGUAGE_STANDARD = "gnu++20";
				CLANG_ENABLE_MODULES = YES;
				CLANG_ENABLE_OBJC_ARC = YES;
				CLANG_ENABLE_OBJC_WEAK = YES;
				CLANG_WARN_BLOCK_CAPTURE_AUTORELEASING = YES;
				CLANG_WARN_BOOL_CONVERSION = YES;
				CLANG_WARN_COMMA = YES;
				CLANG_WARN_CONSTANT_CONVERSION = YES;
				CLANG_WARN_DEPRECATED_OBJC_IMPLEMENTATIONS = YES;
				CLANG_WARN_DIRECT_OBJC_ISA_USAGE = YES_ERROR;
				CLANG_WARN_DOCUMENTATION_COMMENTS = YES;
				CLANG_WARN_EMPTY_BODY = YES;
				CLANG_WARN_ENUM_CONVERSION = YES;
				CLANG_WARN_INFINITE_RECURSION = YES;
				CLANG_WARN_INT_CONVERSION = YES;
				CLANG_WARN_NON_LITERAL_NULL_CONVERSION = YES;
				CLANG_WARN_OBJC_IMPLICIT_RETAIN_SELF = YES;
				CLANG_WARN_OBJC_LITERAL_CONVERSION = YES;
				CLANG_WARN_OBJC_ROOT_CLASS = YES_ERROR;
				CLANG_WARN_QUOTED_INCLUDE_IN_FRAMEWORK_HEADER = YES;
				CLANG_WARN_RANGE_LOOP_ANALYSIS = YES;
				CLANG_WARN_STRICT_PROTOTYPES = YES;
				CLANG_WARN_SUSPICIOUS_MOVE = YES;
				CLANG_WARN_UNGUARDED_AVAILABILITY = YES_AGGRESSIVE;
				CLANG_WARN_UNREACHABLE_CODE = YES;
				CLANG_WARN__DUPLICATE_METHOD_MATCH = YES;
				COPY_PHASE_STRIP = NO;
				DEBUG_INFORMATION_FORMAT = "dwarf-with-dsym";
				ENABLE_NS_ASSERTIONS = NO;
				ENABLE_STRICT_OBJC_MSGSEND = YES;
				GCC_C_LANGUAGE_STANDARD = gnu11;
				GCC_NO_COMMON_BLOCKS = YES;
				GCC_WARN_64_TO_32_BIT_CONVERSION = YES;
				GCC_WARN_ABOUT_RETURN_TYPE = YES_ERROR;
				GCC_WARN_UNDECLARED_SELECTOR = YES;
				GCC_WARN_UNINITIALIZED_AUTOS = YES_AGGRESSIVE;
				GCC_WARN_UNUSED_FUNCTION = YES;
				GCC_WARN_UNUSED_VARIABLE = YES;
				IPHONEOS_DEPLOYMENT_TARGET = 16.4;
				MTL_ENABLE_DEBUG_INFO = NO;
				MTL_FAST_MATH = YES;
				SDKROOT = iphoneos;
				SWIFT_COMPILATION_MODE = wholemodule;
				SWIFT_OPTIMIZATION_LEVEL = "-O";
				VALIDATE_PRODUCT = YES;
			};
			name = Release;
		};
		8BE0B1C429F4F10400DACC0F /* Debug */ = {
			isa = XCBuildConfiguration;
			buildSettings = {
				ASSETCATALOG_COMPILER_APPICON_NAME = AppIcon;
				ASSETCATALOG_COMPILER_GLOBAL_ACCENT_COLOR_NAME = AccentColor;
				CODE_SIGN_STYLE = Automatic;
				CURRENT_PROJECT_VERSION = 1;
				DEVELOPMENT_TEAM = 9F2D4H2CZL;
				GENERATE_INFOPLIST_FILE = YES;
				INFOPLIST_FILE = LearningSharedViewModel/Info.plist;
				INFOPLIST_KEY_UIApplicationSupportsIndirectInputEvents = YES;
				INFOPLIST_KEY_UILaunchStoryboardName = LaunchScreen;
				INFOPLIST_KEY_UISupportedInterfaceOrientations_iPad = "UIInterfaceOrientationPortrait UIInterfaceOrientationPortraitUpsideDown UIInterfaceOrientationLandscapeLeft UIInterfaceOrientationLandscapeRight";
				INFOPLIST_KEY_UISupportedInterfaceOrientations_iPhone = "UIInterfaceOrientationPortrait UIInterfaceOrientationLandscapeLeft UIInterfaceOrientationLandscapeRight";
				LD_RUNPATH_SEARCH_PATHS = (
					"$(inherited)",
					"@executable_path/Frameworks",
				);
				MARKETING_VERSION = 1.0;
				PRODUCT_BUNDLE_IDENTIFIER = sinhlh.LearningSharedViewModel;
				PRODUCT_NAME = "$(TARGET_NAME)";
				SWIFT_EMIT_LOC_STRINGS = YES;
				SWIFT_VERSION = 5.0;
				TARGETED_DEVICE_FAMILY = "1,2";
			};
			name = Debug;
		};
		8BE0B1C529F4F10400DACC0F /* Release */ = {
			isa = XCBuildConfiguration;
			buildSettings = {
				ASSETCATALOG_COMPILER_APPICON_NAME = AppIcon;
				ASSETCATALOG_COMPILER_GLOBAL_ACCENT_COLOR_NAME = AccentColor;
				CODE_SIGN_STYLE = Automatic;
				CURRENT_PROJECT_VERSION = 1;
				DEVELOPMENT_TEAM = 9F2D4H2CZL;
				GENERATE_INFOPLIST_FILE = YES;
				INFOPLIST_FILE = LearningSharedViewModel/Info.plist;
				INFOPLIST_KEY_UIApplicationSupportsIndirectInputEvents = YES;
				INFOPLIST_KEY_UILaunchStoryboardName = LaunchScreen;
				INFOPLIST_KEY_UISupportedInterfaceOrientations_iPad = "UIInterfaceOrientationPortrait UIInterfaceOrientationPortraitUpsideDown UIInterfaceOrientationLandscapeLeft UIInterfaceOrientationLandscapeRight";
				INFOPLIST_KEY_UISupportedInterfaceOrientations_iPhone = "UIInterfaceOrientationPortrait UIInterfaceOrientationLandscapeLeft UIInterfaceOrientationLandscapeRight";
				LD_RUNPATH_SEARCH_PATHS = (
					"$(inherited)",
					"@executable_path/Frameworks",
				);
				MARKETING_VERSION = 1.0;
				PRODUCT_BUNDLE_IDENTIFIER = sinhlh.LearningSharedViewModel;
				PRODUCT_NAME = "$(TARGET_NAME)";
				SWIFT_EMIT_LOC_STRINGS = YES;
				SWIFT_VERSION = 5.0;
				TARGETED_DEVICE_FAMILY = "1,2";
			};
			name = Release;
		};
/* End XCBuildConfiguration section */

/* Begin XCConfigurationList section */
		8BE0B1AA29F4F10200DACC0F /* Build configuration list for PBXProject "LearningSharedViewModel" */ = {
			isa = XCConfigurationList;
			buildConfigurations = (
				8BE0B1C129F4F10400DACC0F /* Debug */,
				8BE0B1C229F4F10400DACC0F /* Release */,
			);
			defaultConfigurationIsVisible = 0;
			defaultConfigurationName = Release;
		};
		8BE0B1C329F4F10400DACC0F /* Build configuration list for PBXNativeTarget "LearningSharedViewModel" */ = {
			isa = XCConfigurationList;
			buildConfigurations = (
				8BE0B1C429F4F10400DACC0F /* Debug */,
				8BE0B1C529F4F10400DACC0F /* Release */,
			);
			defaultConfigurationIsVisible = 0;
			defaultConfigurationName = Release;
		};
/* End XCConfigurationList section */
	};
	rootObject = 8BE0B1A729F4F10200DACC0F /* Project object */;
}
